
Microsoft Visual Studio Solution File, Format Version 12.00
# Visual Studio Version 16
VisualStudioVersion = 16.0.31424.327
MinimumVisualStudioVersion = 10.0.40219.1
Project("{FAE04EC0-301F-11D3-BF4B-00C04F79EFBC}") = "EyGestionInventarios.Service", "EyGestionInventarios.Service\EyGestionInventarios.Service.csproj", "{05C09502-C1D6-4DFD-893F-E670CBC7B488}"
EndProject
Project("{FAE04EC0-301F-11D3-BF4B-00C04F79EFBC}") = "EyGestionInventarios.Web", "EyGestionInventarios.Web\EyGestionInventarios.Web.csproj", "{735F5E03-8E57-458E-9A1D-5F78BC2D948F}"
EndProject
Global
	GlobalSection(SolutionConfigurationPlatforms) = preSolution
		Debug|Any CPU = Debug|Any CPU
		Release|Any CPU = Release|Any CPU
	EndGlobalSection
	GlobalSection(ProjectConfigurationPlatforms) = postSolution
		{05C09502-C1D6-4DFD-893F-E670CBC7B488}.Debug|Any CPU.ActiveCfg = Debug|Any CPU
		{05C09502-C1D6-4DFD-893F-E670CBC7B488}.Debug|Any CPU.Build.0 = Debug|Any CPU
		{05C09502-C1D6-4DFD-893F-E670CBC7B488}.Release|Any CPU.ActiveCfg = Release|Any CPU
		{05C09502-C1D6-4DFD-893F-E670CBC7B488}.Release|Any CPU.Build.0 = Release|Any CPU
		{735F5E03-8E57-458E-9A1D-5F78BC2D948F}.Debug|Any CPU.ActiveCfg = Debug|Any CPU
		{735F5E03-8E57-458E-9A1D-5F78BC2D948F}.Debug|Any CPU.Build.0 = Debug|Any CPU
		{735F5E03-8E57-458E-9A1D-5F78BC2D948F}.Release|Any CPU.ActiveCfg = Release|Any CPU
		{735F5E03-8E57-458E-9A1D-5F78BC2D948F}.Release|Any CPU.Build.0 = Release|Any CPU
	EndGlobalSection
	GlobalSection(SolutionProperties) = preSolution
		HideSolutionNode = FALSE
	EndGlobalSection
	GlobalSection(ExtensibilityGlobals) = postSolution
		SolutionGuid = {845DCADB-AA7B-4A33-9BF6-2BE862E568AF}
	EndGlobalSection
EndGlobal
